
Microsoft Visual Studio Solution File, Format Version 12.00
# Visual Studio Version 16
VisualStudioVersion = 16.0.32929.386
MinimumVisualStudioVersion = 10.0.40219.1
Project("{9A19103F-16F7-4668-BE54-9A1E7A4F7556}") = "BlazorApp20221221.App", "BlazorApp20221221.App\BlazorApp20221221.App.csproj", "{15956936-2EFA-4E34-BC03-BA99C5CE6C0F}"
EndProject
Project("{FAE04EC0-301F-11D3-BF4B-00C04F79EFBC}") = "BlazorApp20221221.Models", "BlazorApp20221221.Models\BlazorApp20221221.Models.csproj", "{ADDFE637-D903-4931-9FA3-5E2381DC4BBB}"
EndProject
Project("{FAE04EC0-301F-11D3-BF4B-00C04F79EFBC}") = "BlazorApp20221221.DataAccess", "BlazorApp20221221.DataAccess\BlazorApp20221221.DataAccess.csproj", "{2C587EF7-DA01-4660-8CA4-EA761C28D352}"
EndProject
Project("{FAE04EC0-301F-11D3-BF4B-00C04F79EFBC}") = "BlazorApp20221221.ConsoleApp", "BlazorApp20221221.ConsoleApp\BlazorApp20221221.ConsoleApp.csproj", "{67F60FE2-E16C-4A8D-AD43-DC1E1C4E96F9}"
EndProject
Global
	GlobalSection(SolutionConfigurationPlatforms) = preSolution
		Debug|Any CPU = Debug|Any CPU
		Release|Any CPU = Release|Any CPU
	EndGlobalSection
	GlobalSection(ProjectConfigurationPlatforms) = postSolution
		{15956936-2EFA-4E34-BC03-BA99C5CE6C0F}.Debug|Any CPU.ActiveCfg = Debug|Any CPU
		{15956936-2EFA-4E34-BC03-BA99C5CE6C0F}.Debug|Any CPU.Build.0 = Debug|Any CPU
		{15956936-2EFA-4E34-BC03-BA99C5CE6C0F}.Release|Any CPU.ActiveCfg = Release|Any CPU
		{15956936-2EFA-4E34-BC03-BA99C5CE6C0F}.Release|Any CPU.Build.0 = Release|Any CPU
		{ADDFE637-D903-4931-9FA3-5E2381DC4BBB}.Debug|Any CPU.ActiveCfg = Debug|Any CPU
		{ADDFE637-D903-4931-9FA3-5E2381DC4BBB}.Debug|Any CPU.Build.0 = Debug|Any CPU
		{ADDFE637-D903-4931-9FA3-5E2381DC4BBB}.Release|Any CPU.ActiveCfg = Release|Any CPU
		{ADDFE637-D903-4931-9FA3-5E2381DC4BBB}.Release|Any CPU.Build.0 = Release|Any CPU
		{2C587EF7-DA01-4660-8CA4-EA761C28D352}.Debug|Any CPU.ActiveCfg = Debug|Any CPU
		{2C587EF7-DA01-4660-8CA4-EA761C28D352}.Debug|Any CPU.Build.0 = Debug|Any CPU
		{2C587EF7-DA01-4660-8CA4-EA761C28D352}.Release|Any CPU.ActiveCfg = Release|Any CPU
		{2C587EF7-DA01-4660-8CA4-EA761C28D352}.Release|Any CPU.Build.0 = Release|Any CPU
		{67F60FE2-E16C-4A8D-AD43-DC1E1C4E96F9}.Debug|Any CPU.ActiveCfg = Debug|Any CPU
		{67F60FE2-E16C-4A8D-AD43-DC1E1C4E96F9}.Debug|Any CPU.Build.0 = Debug|Any CPU
		{67F60FE2-E16C-4A8D-AD43-DC1E1C4E96F9}.Release|Any CPU.ActiveCfg = Release|Any CPU
		{67F60FE2-E16C-4A8D-AD43-DC1E1C4E96F9}.Release|Any CPU.Build.0 = Release|Any CPU
	EndGlobalSection
	GlobalSection(SolutionProperties) = preSolution
		HideSolutionNode = FALSE
	EndGlobalSection
	GlobalSection(ExtensibilityGlobals) = postSolution
		SolutionGuid = {FD6E1E92-590B-44B8-A5F5-8648B3999214}
	EndGlobalSection
EndGlobal
